<?xml version="1.0" encoding="utf-8"?>
<Project ToolsVersion="4.0" xmlns="http://schemas.microsoft.com/developer/msbuild/2003">
  <ItemGroup>
    <Filter Include="Source Files">
      <UniqueIdentifier>{4FC737F1-C7A5-4376-A066-2A32D752A2FF}</UniqueIdentifier>
      <Extensions>cpp;c;cc;cxx;def;odl;idl;hpj;bat;asm;asmx</Extensions>
    </Filter>
    <Filter Include="Header Files">
      <UniqueIdentifier>{93995380-89BD-4b04-88EB-625FBE52EBFB}</UniqueIdentifier>
      <Extensions>h;hh;hpp;hxx;hm;inl;inc;xsd</Extensions>
    </Filter>
    <Filter Include="Resource Files">
      <UniqueIdentifier>{67DA6AB6-F800-4c08-8B7A-83BB121AAD01}</UniqueIdentifier>
      <Extensions>rc;ico;cur;bmp;dlg;rc2;rct;bin;rgs;gif;jpg;jpeg;jpe;resx;tiff;tif;png;wav;mfcribbon-ms</Extensions>
    </Filter>
  </ItemGroup>
  <ItemGroup>
    <ClInclude Include="core\stb.h">
      <Filter>Header Files</Filter>
    </ClInclude>
    <ClInclude Include="core\stb_image.h">
      <Filter>Header Files</Filter>
    </ClInclude>
    <ClInclude Include="core\stb_image_write.h">
      <Filter>Header Files</Filter>
    </ClInclude>
    <ClInclude Include="core\tgImageData.h">
      <Filter>Header Files</Filter>
    </ClInclude>
    <ClInclude Include="core\tgInput.h">
      <Filter>Header Files</Filter>
    </ClInclude>
    <ClInclude Include="core\tgUtil.h">
      <Filter>Header Files</Filter>
    </ClInclude>
    <ClInclude Include="core\tgWindow.h">
      <Filter>Header Files</Filter>
    </ClInclude>
    <ClInclude Include="graphics\tgBuffer.h">
      <Filter>Header Files</Filter>
    </ClInclude>
    <ClInclude Include="graphics\tgGL.h">
      <Filter>Header Files</Filter>
    </ClInclude>
    <ClInclude Include="graphics\tgShaderProgram.h">
      <Filter>Header Files</Filter>
    </ClInclude>
    <ClInclude Include="graphics\tgTexture.h">
      <Filter>Header Files</Filter>
    </ClInclude>
    <ClInclude Include="graphics\tgVertexArrayObject.h">
      <Filter>Header Files</Filter>
    </ClInclude>
    <ClInclude Include="graphics\tgVertexFormat.h">
      <Filter>Header Files</Filter>
    </ClInclude>
    <ClInclude Include="math\tgMath.h">
      <Filter>Header Files</Filter>
    </ClInclude>
    <ClInclude Include="math\tgMatrixBase.h">
      <Filter>Header Files</Filter>
    </ClInclude>
    <ClInclude Include="math\tgVectorBase.h">
      <Filter>Header Files</Filter>
    </ClInclude>
    <ClInclude Include="core\tgLog.h">
      <Filter>Header Files</Filter>
    </ClInclude>
    <ClInclude Include="math\tgQuaternion.h">
      <Filter>Header Files</Filter>
    </ClInclude>
    <ClInclude Include="graphics\tgRenderer.h">
      <Filter>Header Files</Filter>
    </ClInclude>
    <ClInclude Include="ecs\tgComponent.h">
      <Filter>Header Files</Filter>
    </ClInclude>
    <ClInclude Include="assets\tgAssets.h">
      <Filter>Header Files</Filter>
    </ClInclude>
    <ClInclude Include="tween\tgTweens.h">
      <Filter>Header Files</Filter>
    </ClInclude>
    <ClInclude Include="tween\tgTween.h">
      <Filter>Header Files</Filter>
    </ClInclude>
    <ClInclude Include="tween\tgTimer.h">
      <Filter>Header Files</Filter>
    </ClInclude>
    <ClInclude Include="graphics\tgSpriteBatch.h">
      <Filter>Header Files</Filter>
    </ClInclude>
    <ClInclude Include="core\tgFont.h">
      <Filter>Header Files</Filter>
    </ClInclude>
    <ClInclude Include="scripting\sol.hpp">
      <Filter>Header Files</Filter>
    </ClInclude>
    <ClInclude Include="scripting\tgScript.h">
      <Filter>Header Files</Filter>
    </ClInclude>
    <ClInclude Include="audio\tgAudioSystem.h">
      <Filter>Header Files</Filter>
    </ClInclude>
    <ClInclude Include="core\stb_vorbis.h">
      <Filter>Header Files</Filter>
    </ClInclude>
    <ClInclude Include="audio\tgAudioBuffer.h">
      <Filter>Header Files</Filter>
    </ClInclude>
    <ClInclude Include="audio\tgSampleData.h">
      <Filter>Header Files</Filter>
    </ClInclude>
    <ClInclude Include="audio\tgAudioSource.h">
      <Filter>Header Files</Filter>
    </ClInclude>
    <ClInclude Include="core\tgTime.h">
      <Filter>Header Files</Filter>
    </ClInclude>
    <ClInclude Include="core\tgEngine.h">
      <Filter>Header Files</Filter>
    </ClInclude>
    <ClInclude Include="core\picojson.h">
      <Filter>Header Files</Filter>
    </ClInclude>
    <ClInclude Include="core\tgGameState.h">
      <Filter>Header Files</Filter>
    </ClInclude>
    <ClInclude Include="graphics\tgFrameBuffer.h">
      <Filter>Header Files</Filter>
    </ClInclude>
    <ClInclude Include="graphics\tgPostEffect.h">
      <Filter>Header Files</Filter>
    </ClInclude>
    <ClInclude Include="assets\tgAssetData.h">
      <Filter>Header Files</Filter>
    </ClInclude>
    <ClInclude Include="core\tgTypes.h">
      <Filter>Header Files</Filter>
    </ClInclude>
    <ClInclude Include="ecs\tgECS.h">
      <Filter>Header Files</Filter>
    </ClInclude>
    <ClInclude Include="components\tgSprite.h">
      <Filter>Header Files</Filter>
    </ClInclude>
    <ClInclude Include="components\tgTransform.h">
      <Filter>Header Files</Filter>
    </ClInclude>
    <ClInclude Include="systems\tgSpriteSystem.h">
      <Filter>Header Files</Filter>
    </ClInclude>
    <ClInclude Include="ecs\tgSystem.h">
      <Filter>Header Files</Filter>
    </ClInclude>
    <ClInclude Include="components\tgText.h">
      <Filter>Header Files</Filter>
    </ClInclude>
    <ClInclude Include="systems\tgTextSystem.h">
      <Filter>Header Files</Filter>
    </ClInclude>
    <ClInclude Include="core\tgParticleEngine.h">
      <Filter>Header Files</Filter>
    </ClInclude>
    <ClInclude Include="core\tgParticleConfiguration.h">
      <Filter>Header Files</Filter>
    </ClInclude>
    <ClInclude Include="core\tgEmitter.h">
      <Filter>Header Files</Filter>
    </ClInclude>
  </ItemGroup>
  <ItemGroup>
    <ClCompile Include="core\tgImageData.cpp">
      <Filter>Source Files</Filter>
    </ClCompile>
    <ClCompile Include="core\tgInput.cpp">
      <Filter>Source Files</Filter>
    </ClCompile>
    <ClCompile Include="core\tgUtil.cpp">
      <Filter>Source Files</Filter>
    </ClCompile>
    <ClCompile Include="core\tgWindow.cpp">
      <Filter>Source Files</Filter>
    </ClCompile>
    <ClCompile Include="graphics\tgBuffer.cpp">
      <Filter>Source Files</Filter>
    </ClCompile>
    <ClCompile Include="graphics\tgShaderProgram.cpp">
      <Filter>Source Files</Filter>
    </ClCompile>
    <ClCompile Include="graphics\tgTexture.cpp">
      <Filter>Source Files</Filter>
    </ClCompile>
    <ClCompile Include="graphics\tgVertexArrayObject.cpp">
      <Filter>Source Files</Filter>
    </ClCompile>
    <ClCompile Include="graphics\tgVertexFormat.cpp">
      <Filter>Source Files</Filter>
    </ClCompile>
    <ClCompile Include="math\tgMath.cpp">
      <Filter>Source Files</Filter>
    </ClCompile>
    <ClCompile Include="main.cpp">
      <Filter>Source Files</Filter>
    </ClCompile>
    <ClCompile Include="core\tgLog.cpp">
      <Filter>Source Files</Filter>
    </ClCompile>
    <ClCompile Include="math\tgQuaternion.cpp">
      <Filter>Source Files</Filter>
    </ClCompile>
    <ClCompile Include="graphics\tgRenderer.cpp">
      <Filter>Source Files</Filter>
    </ClCompile>
    <ClCompile Include="assets\tgAssets.cpp">
      <Filter>Source Files</Filter>
    </ClCompile>
    <ClCompile Include="tween\tgTweens.cpp">
      <Filter>Source Files</Filter>
    </ClCompile>
    <ClCompile Include="tween\tgTween.cpp">
      <Filter>Source Files</Filter>
    </ClCompile>
    <ClCompile Include="tween\tgTimer.cpp">
      <Filter>Source Files</Filter>
    </ClCompile>
    <ClCompile Include="graphics\tgSpriteBatch.cpp">
      <Filter>Source Files</Filter>
    </ClCompile>
    <ClCompile Include="scripting\tgScript.cpp">
      <Filter>Source Files</Filter>
    </ClCompile>
    <ClCompile Include="core\tgFont.cpp">
      <Filter>Source Files</Filter>
    </ClCompile>
    <ClCompile Include="audio\tgAudioSystem.cpp">
      <Filter>Source Files</Filter>
    </ClCompile>
    <ClCompile Include="audio\tgAudioBuffer.cpp">
      <Filter>Source Files</Filter>
    </ClCompile>
    <ClCompile Include="audio\tgSampleData.cpp">
      <Filter>Source Files</Filter>
    </ClCompile>
    <ClCompile Include="audio\tgAudioSource.cpp">
      <Filter>Source Files</Filter>
    </ClCompile>
    <ClCompile Include="core\tgTime.cpp">
      <Filter>Source Files</Filter>
    </ClCompile>
    <ClCompile Include="core\tgEngine.cpp">
      <Filter>Source Files</Filter>
    </ClCompile>
    <ClCompile Include="core\tgGameState.cpp">
      <Filter>Source Files</Filter>
    </ClCompile>
    <ClCompile Include="graphics\tgFrameBuffer.cpp">
      <Filter>Source Files</Filter>
    </ClCompile>
    <ClCompile Include="graphics\tgPostEffect.cpp">
      <Filter>Source Files</Filter>
    </ClCompile>
    <ClCompile Include="ecs\tgECS.cpp">
      <Filter>Source Files</Filter>
    </ClCompile>
    <ClCompile Include="components\tgTransform.cpp">
      <Filter>Source Files</Filter>
    </ClCompile>
    <ClCompile Include="components\tgSprite.cpp">
      <Filter>Source Files</Filter>
    </ClCompile>
    <ClCompile Include="systems\tgSpriteSystem.cpp">
      <Filter>Source Files</Filter>
    </ClCompile>
    <ClCompile Include="systems\tgTextSystem.cpp">
      <Filter>Source Files</Filter>
    </ClCompile>
    <ClCompile Include="core\tgParticleEngine.cpp">
      <Filter>Source Files</Filter>
    </ClCompile>
  </ItemGroup>
</Project>